
Microsoft Visual Studio Solution File, Format Version 12.00
# Visual Studio Version 17
VisualStudioVersion = 17.7.34003.232
MinimumVisualStudioVersion = 10.0.40219.1
Project("{FAE04EC0-301F-11D3-BF4B-00C04F79EFBC}") = "Examenxd", "Examenxd\Examenxd.csproj", "{483110E6-9D00-4C92-B77A-5E5CF42C6CD7}"
EndProject
Global
	GlobalSection(SolutionConfigurationPlatforms) = preSolution
		Debug|Any CPU = Debug|Any CPU
		Release|Any CPU = Release|Any CPU
	EndGlobalSection
	GlobalSection(ProjectConfigurationPlatforms) = postSolution
		{483110E6-9D00-4C92-B77A-5E5CF42C6CD7}.Debug|Any CPU.ActiveCfg = Debug|Any CPU
		{483110E6-9D00-4C92-B77A-5E5CF42C6CD7}.Debug|Any CPU.Build.0 = Debug|Any CPU
		{483110E6-9D00-4C92-B77A-5E5CF42C6CD7}.Release|Any CPU.ActiveCfg = Release|Any CPU
		{483110E6-9D00-4C92-B77A-5E5CF42C6CD7}.Release|Any CPU.Build.0 = Release|Any CPU
	EndGlobalSection
	GlobalSection(SolutionProperties) = preSolution
		HideSolutionNode = FALSE
	EndGlobalSection
	GlobalSection(ExtensibilityGlobals) = postSolution
		SolutionGuid = {53DA8560-FE0E-460D-BD57-7B5D1E5D60A1}
	EndGlobalSection
EndGlobal
